
Microsoft Visual Studio Solution File, Format Version 12.00
# Visual Studio 15
VisualStudioVersion = 15.0.27703.2026
MinimumVisualStudioVersion = 10.0.40219.1
Project("{FAE04EC0-301F-11D3-BF4B-00C04F79EFBC}") = "Лаб2С", "Лаб2С\Лаб2С.csproj", "{21486FD2-C17A-432A-B8AE-AECBD8334B22}"
EndProject
Global
	GlobalSection(SolutionConfigurationPlatforms) = preSolution
		Debug|Any CPU = Debug|Any CPU
		Release|Any CPU = Release|Any CPU
	EndGlobalSection
	GlobalSection(ProjectConfigurationPlatforms) = postSolution
		{21486FD2-C17A-432A-B8AE-AECBD8334B22}.Debug|Any CPU.ActiveCfg = Debug|Any CPU
		{21486FD2-C17A-432A-B8AE-AECBD8334B22}.Debug|Any CPU.Build.0 = Debug|Any CPU
		{21486FD2-C17A-432A-B8AE-AECBD8334B22}.Release|Any CPU.ActiveCfg = Release|Any CPU
		{21486FD2-C17A-432A-B8AE-AECBD8334B22}.Release|Any CPU.Build.0 = Release|Any CPU
	EndGlobalSection
	GlobalSection(SolutionProperties) = preSolution
		HideSolutionNode = FALSE
	EndGlobalSection
	GlobalSection(ExtensibilityGlobals) = postSolution
		SolutionGuid = {51541040-6469-4595-B3C7-A85330C0BECB}
	EndGlobalSection
EndGlobal
